
Microsoft Visual Studio Solution File, Format Version 12.00
# Visual Studio Version 17
VisualStudioVersion = 17.9.34701.34
MinimumVisualStudioVersion = 10.0.40219.1
Project("{FAE04EC0-301F-11D3-BF4B-00C04F79EFBC}") = "TESTtask", "TESTtask\TESTtask.csproj", "{B92DDCA8-FFF6-4B94-BEE6-819D63DDA889}"
EndProject
Global
	GlobalSection(SolutionConfigurationPlatforms) = preSolution
		Debug|Any CPU = Debug|Any CPU
		Release|Any CPU = Release|Any CPU
	EndGlobalSection
	GlobalSection(ProjectConfigurationPlatforms) = postSolution
		{B92DDCA8-FFF6-4B94-BEE6-819D63DDA889}.Debug|Any CPU.ActiveCfg = Debug|Any CPU
		{B92DDCA8-FFF6-4B94-BEE6-819D63DDA889}.Debug|Any CPU.Build.0 = Debug|Any CPU
		{B92DDCA8-FFF6-4B94-BEE6-819D63DDA889}.Release|Any CPU.ActiveCfg = Release|Any CPU
		{B92DDCA8-FFF6-4B94-BEE6-819D63DDA889}.Release|Any CPU.Build.0 = Release|Any CPU
	EndGlobalSection
	GlobalSection(SolutionProperties) = preSolution
		HideSolutionNode = FALSE
	EndGlobalSection
	GlobalSection(ExtensibilityGlobals) = postSolution
		SolutionGuid = {B61E7065-7FF6-4EE4-B82C-E3211C2714CE}
	EndGlobalSection
EndGlobal
